Microsoft Visual Studio Solution File, Format Version 12.00
# Visual Studio Version 17
VisualStudioVersion = 17.5.2.0
MinimumVisualStudioVersion = 10.0.40219.1
Project("{FAE04EC0-301F-11D3-BF4B-00C04F79EFBC}") = "ReferenceDataService", "ReferenceDataService\ReferenceDataService.csproj", "{B427AD05-F68A-104A-83D7-7485D29D6394}"
EndProject
Global
	GlobalSection(SolutionConfigurationPlatforms) = preSolution
		Debug|Any CPU = Debug|Any CPU
		Release|Any CPU = Release|Any CPU
	EndGlobalSection
	GlobalSection(ProjectConfigurationPlatforms) = postSolution
		{B427AD05-F68A-104A-83D7-7485D29D6394}.Debug|Any CPU.ActiveCfg = Debug|Any CPU
		{B427AD05-F68A-104A-83D7-7485D29D6394}.Debug|Any CPU.Build.0 = Debug|Any CPU
		{B427AD05-F68A-104A-83D7-7485D29D6394}.Release|Any CPU.ActiveCfg = Release|Any CPU
		{B427AD05-F68A-104A-83D7-7485D29D6394}.Release|Any CPU.Build.0 = Release|Any CPU
	EndGlobalSection
	GlobalSection(SolutionProperties) = preSolution
		HideSolutionNode = FALSE
	EndGlobalSection
	GlobalSection(ExtensibilityGlobals) = postSolution
		SolutionGuid = {C6331E2B-5D67-4701-A450-EE59BF38347E}
	EndGlobalSection
EndGlobal
